
Microsoft Visual Studio Solution File, Format Version 12.00
# Visual Studio Version 17
VisualStudioVersion = 17.3.32929.385
MinimumVisualStudioVersion = 10.0.40219.1
Project("{9A19103F-16F7-4668-BE54-9A1E7A4F7556}") = "Stage0", "Stage0\Stage0.csproj", "{A9163C92-F9C4-4678-987A-3D661DC78FB0}"
EndProject
Project("{9A19103F-16F7-4668-BE54-9A1E7A4F7556}") = "DalFacade", "DalFacade\DalFacade.csproj", "{90B81452-980D-4FEF-AAA8-138ECE30FE1B}"
EndProject
Project("{9A19103F-16F7-4668-BE54-9A1E7A4F7556}") = "DalList", "DalList\DalList.csproj", "{D1B8D56C-4E33-481C-AA0B-EEF9A17A9423}"
EndProject
Project("{9A19103F-16F7-4668-BE54-9A1E7A4F7556}") = "DalTest", "DalTest\DalTest.csproj", "{145F4DF7-D8F3-4DF2-BBD0-620B7E1E3020}"
	ProjectSection(ProjectDependencies) = postProject
		{90B81452-980D-4FEF-AAA8-138ECE30FE1B} = {90B81452-980D-4FEF-AAA8-138ECE30FE1B}
		{D1B8D56C-4E33-481C-AA0B-EEF9A17A9423} = {D1B8D56C-4E33-481C-AA0B-EEF9A17A9423}
		{D5B5E692-71B5-41C2-B85A-1A3AB38C20D0} = {D5B5E692-71B5-41C2-B85A-1A3AB38C20D0}
	EndProjectSection
EndProject
Project("{9A19103F-16F7-4668-BE54-9A1E7A4F7556}") = "BL", "BL\BL.csproj", "{74C1597A-EE65-4F2D-B253-60E1E989B90A}"
EndProject
Project("{9A19103F-16F7-4668-BE54-9A1E7A4F7556}") = "BlTest", "BlTest\BlTest.csproj", "{2A2B4CE1-1A60-4A0F-9E24-9455BE469969}"
EndProject
Project("{9A19103F-16F7-4668-BE54-9A1E7A4F7556}") = "PL", "PL\PL.csproj", "{79938F3B-D586-4250-92CC-A4FBC9BCE8DE}"
EndProject
Project("{2150E333-8FDC-42A3-9474-1A3956D46DE8}") = "xml", "xml", "{96C402CE-A844-4740-8948-91905B8C6A81}"
	ProjectSection(SolutionItems) = preProject
		xml\config.xml = xml\config.xml
		xml\dal-config.xml = xml\dal-config.xml
		xml\Order.xml = xml\Order.xml
		xml\OrderItem.xml = xml\OrderItem.xml
		xml\Product.xml = xml\Product.xml
	EndProjectSection
EndProject
Project("{FAE04EC0-301F-11D3-BF4B-00C04F79EFBC}") = "DalXml", "DalXml\DalXml.csproj", "{D5B5E692-71B5-41C2-B85A-1A3AB38C20D0}"
EndProject
Global
	GlobalSection(SolutionConfigurationPlatforms) = preSolution
		Debug|Any CPU = Debug|Any CPU
		Release|Any CPU = Release|Any CPU
	EndGlobalSection
	GlobalSection(ProjectConfigurationPlatforms) = postSolution
		{A9163C92-F9C4-4678-987A-3D661DC78FB0}.Debug|Any CPU.ActiveCfg = Debug|Any CPU
		{A9163C92-F9C4-4678-987A-3D661DC78FB0}.Debug|Any CPU.Build.0 = Debug|Any CPU
		{A9163C92-F9C4-4678-987A-3D661DC78FB0}.Release|Any CPU.ActiveCfg = Release|Any CPU
		{A9163C92-F9C4-4678-987A-3D661DC78FB0}.Release|Any CPU.Build.0 = Release|Any CPU
		{90B81452-980D-4FEF-AAA8-138ECE30FE1B}.Debug|Any CPU.ActiveCfg = Debug|Any CPU
		{90B81452-980D-4FEF-AAA8-138ECE30FE1B}.Debug|Any CPU.Build.0 = Debug|Any CPU
		{90B81452-980D-4FEF-AAA8-138ECE30FE1B}.Release|Any CPU.ActiveCfg = Release|Any CPU
		{90B81452-980D-4FEF-AAA8-138ECE30FE1B}.Release|Any CPU.Build.0 = Release|Any CPU
		{D1B8D56C-4E33-481C-AA0B-EEF9A17A9423}.Debug|Any CPU.ActiveCfg = Debug|Any CPU
		{D1B8D56C-4E33-481C-AA0B-EEF9A17A9423}.Debug|Any CPU.Build.0 = Debug|Any CPU
		{D1B8D56C-4E33-481C-AA0B-EEF9A17A9423}.Release|Any CPU.ActiveCfg = Release|Any CPU
		{D1B8D56C-4E33-481C-AA0B-EEF9A17A9423}.Release|Any CPU.Build.0 = Release|Any CPU
		{145F4DF7-D8F3-4DF2-BBD0-620B7E1E3020}.Debug|Any CPU.ActiveCfg = Debug|Any CPU
		{145F4DF7-D8F3-4DF2-BBD0-620B7E1E3020}.Debug|Any CPU.Build.0 = Debug|Any CPU
		{145F4DF7-D8F3-4DF2-BBD0-620B7E1E3020}.Release|Any CPU.ActiveCfg = Release|Any CPU
		{145F4DF7-D8F3-4DF2-BBD0-620B7E1E3020}.Release|Any CPU.Build.0 = Release|Any CPU
		{74C1597A-EE65-4F2D-B253-60E1E989B90A}.Debug|Any CPU.ActiveCfg = Debug|Any CPU
		{74C1597A-EE65-4F2D-B253-60E1E989B90A}.Debug|Any CPU.Build.0 = Debug|Any CPU
		{74C1597A-EE65-4F2D-B253-60E1E989B90A}.Release|Any CPU.ActiveCfg = Release|Any CPU
		{74C1597A-EE65-4F2D-B253-60E1E989B90A}.Release|Any CPU.Build.0 = Release|Any CPU
		{2A2B4CE1-1A60-4A0F-9E24-9455BE469969}.Debug|Any CPU.ActiveCfg = Debug|Any CPU
		{2A2B4CE1-1A60-4A0F-9E24-9455BE469969}.Debug|Any CPU.Build.0 = Debug|Any CPU
		{2A2B4CE1-1A60-4A0F-9E24-9455BE469969}.Release|Any CPU.ActiveCfg = Release|Any CPU
		{2A2B4CE1-1A60-4A0F-9E24-9455BE469969}.Release|Any CPU.Build.0 = Release|Any CPU
		{79938F3B-D586-4250-92CC-A4FBC9BCE8DE}.Debug|Any CPU.ActiveCfg = Debug|Any CPU
		{79938F3B-D586-4250-92CC-A4FBC9BCE8DE}.Debug|Any CPU.Build.0 = Debug|Any CPU
		{79938F3B-D586-4250-92CC-A4FBC9BCE8DE}.Release|Any CPU.ActiveCfg = Release|Any CPU
		{79938F3B-D586-4250-92CC-A4FBC9BCE8DE}.Release|Any CPU.Build.0 = Release|Any CPU
		{D5B5E692-71B5-41C2-B85A-1A3AB38C20D0}.Debug|Any CPU.ActiveCfg = Debug|Any CPU
		{D5B5E692-71B5-41C2-B85A-1A3AB38C20D0}.Debug|Any CPU.Build.0 = Debug|Any CPU
		{D5B5E692-71B5-41C2-B85A-1A3AB38C20D0}.Release|Any CPU.ActiveCfg = Release|Any CPU
		{D5B5E692-71B5-41C2-B85A-1A3AB38C20D0}.Release|Any CPU.Build.0 = Release|Any CPU
	EndGlobalSection
	GlobalSection(SolutionProperties) = preSolution
		HideSolutionNode = FALSE
	EndGlobalSection
	GlobalSection(ExtensibilityGlobals) = postSolution
		SolutionGuid = {0A02CB70-3872-416A-83E1-B943810F6765}
	EndGlobalSection
EndGlobal
